// !$*UTF8*$!
{
	archiveVersion = 1;
	classes = {
	};
	objectVersion = 56;
	objects = {

/* Begin PBXBuildFile section */
		679DA80A162F0EDE5A485945 /* Pods_TMDB_Final_Project.framework in Frameworks */ = {isa = PBXBuildFile; fileRef = 9361F6B8FB1B82FCBED93018 /* Pods_TMDB_Final_Project.framework */; };
		EE989F2B2B5CC9B700A8FE19 /* ListMoviesResults.swift in Sources */ = {isa = PBXBuildFile; fileRef = EE989F292B5CC9B700A8FE19 /* ListMoviesResults.swift */; };
		EE989F2C2B5CC9B700A8FE19 /* ListMovies.swift in Sources */ = {isa = PBXBuildFile; fileRef = EE989F2A2B5CC9B700A8FE19 /* ListMovies.swift */; };
		EEC634CE2B5DE3C400522086 /* ListSeries.swift in Sources */ = {isa = PBXBuildFile; fileRef = EEC634CC2B5DE3C400522086 /* ListSeries.swift */; };
		EEC634CF2B5DE3C400522086 /* ListSeriesResults.swift in Sources */ = {isa = PBXBuildFile; fileRef = EEC634CD2B5DE3C400522086 /* ListSeriesResults.swift */; };
		EEE654952B5C900F00585960 /* AppDelegate.swift in Sources */ = {isa = PBXBuildFile; fileRef = EEE654942B5C900F00585960 /* AppDelegate.swift */; };
		EEE654972B5C900F00585960 /* SceneDelegate.swift in Sources */ = {isa = PBXBuildFile; fileRef = EEE654962B5C900F00585960 /* SceneDelegate.swift */; };
		EEE654992B5C900F00585960 /* MainTabBarViewController.swift in Sources */ = {isa = PBXBuildFile; fileRef = EEE654982B5C900F00585960 /* MainTabBarViewController.swift */; };
		EEE6549E2B5C901100585960 /* Assets.xcassets in Resources */ = {isa = PBXBuildFile; fileRef = EEE6549D2B5C901100585960 /* Assets.xcassets */; };
		EEE654A12B5C901100585960 /* LaunchScreen.storyboard in Resources */ = {isa = PBXBuildFile; fileRef = EEE6549F2B5C901100585960 /* LaunchScreen.storyboard */; };
		EEE654B02B5C936300585960 /* HomeViewController.swift in Sources */ = {isa = PBXBuildFile; fileRef = EEE654AF2B5C936300585960 /* HomeViewController.swift */; };
		EEE654B22B5C938000585960 /* SearchViewController.swift in Sources */ = {isa = PBXBuildFile; fileRef = EEE654B12B5C938000585960 /* SearchViewController.swift */; };
		EEE654B42B5C93A600585960 /* WatchLaterViewController.swift in Sources */ = {isa = PBXBuildFile; fileRef = EEE654B32B5C93A600585960 /* WatchLaterViewController.swift */; };
		EEE654B62B5C9AC100585960 /* Podfile in Resources */ = {isa = PBXBuildFile; fileRef = EEE654B52B5C9AC100585960 /* Podfile */; };
		EEE654BA2B5C9B2F00585960 /* SearchResults.swift in Sources */ = {isa = PBXBuildFile; fileRef = EEE654B82B5C9B2F00585960 /* SearchResults.swift */; };
		EEE654BB2B5C9B2F00585960 /* SearchMovie.swift in Sources */ = {isa = PBXBuildFile; fileRef = EEE654B92B5C9B2F00585960 /* SearchMovie.swift */; };
		EEE654BF2B5CB4FA00585960 /* MainPosterView.swift in Sources */ = {isa = PBXBuildFile; fileRef = EEE654BE2B5CB4FA00585960 /* MainPosterView.swift */; };
		EEED98D92B5F1B6A00A6432C /* CollectionViewTableViewCell.swift in Sources */ = {isa = PBXBuildFile; fileRef = EEED98D82B5F1B6A00A6432C /* CollectionViewTableViewCell.swift */; };
		EEF84E1D2B603EA3002D84DF /* PosterCollectionViewCell.swift in Sources */ = {isa = PBXBuildFile; fileRef = EEF84E1C2B603EA3002D84DF /* PosterCollectionViewCell.swift */; };
		EEF84E3B2B606AE0002D84DF /* SegmentedControlView.swift in Sources */ = {isa = PBXBuildFile; fileRef = EEF84E3A2B606AE0002D84DF /* SegmentedControlView.swift */; };
/* End PBXBuildFile section */

/* Begin PBXFileReference section */
		4036C07D4A36AF53873A81F3 /* Pods-TMDB Final Project.release.xcconfig */ = {isa = PBXFileReference; includeInIndex = 1; lastKnownFileType = text.xcconfig; name = "Pods-TMDB Final Project.release.xcconfig"; path = "Target Support Files/Pods-TMDB Final Project/Pods-TMDB Final Project.release.xcconfig"; sourceTree = "<group>"; };
		9361F6B8FB1B82FCBED93018 /* Pods_TMDB_Final_Project.framework */ = {isa = PBXFileReference; explicitFileType = wrapper.framework; includeInIndex = 0; path = Pods_TMDB_Final_Project.framework; sourceTree = BUILT_PRODUCTS_DIR; };
		A7E1AE1B5F5D5619446059DB /* Pods-TMDB Final Project.debug.xcconfig */ = {isa = PBXFileReference; includeInIndex = 1; lastKnownFileType = text.xcconfig; name = "Pods-TMDB Final Project.debug.xcconfig"; path = "Target Support Files/Pods-TMDB Final Project/Pods-TMDB Final Project.debug.xcconfig"; sourceTree = "<group>"; };
		EE989F292B5CC9B700A8FE19 /* ListMoviesResults.swift */ = {isa = PBXFileReference; fileEncoding = 4; lastKnownFileType = sourcecode.swift; path = ListMoviesResults.swift; sourceTree = "<group>"; };
		EE989F2A2B5CC9B700A8FE19 /* ListMovies.swift */ = {isa = PBXFileReference; fileEncoding = 4; lastKnownFileType = sourcecode.swift; path = ListMovies.swift; sourceTree = "<group>"; };
		EEC634CC2B5DE3C400522086 /* ListSeries.swift */ = {isa = PBXFileReference; fileEncoding = 4; lastKnownFileType = sourcecode.swift; path = ListSeries.swift; sourceTree = "<group>"; };
		EEC634CD2B5DE3C400522086 /* ListSeriesResults.swift */ = {isa = PBXFileReference; fileEncoding = 4; lastKnownFileType = sourcecode.swift; path = ListSeriesResults.swift; sourceTree = "<group>"; };
		EEE654912B5C900F00585960 /* TMDB Final Project.app */ = {isa = PBXFileReference; explicitFileType = wrapper.application; includeInIndex = 0; path = "TMDB Final Project.app"; sourceTree = BUILT_PRODUCTS_DIR; };
		EEE654942B5C900F00585960 /* AppDelegate.swift */ = {isa = PBXFileReference; lastKnownFileType = sourcecode.swift; path = AppDelegate.swift; sourceTree = "<group>"; };
		EEE654962B5C900F00585960 /* SceneDelegate.swift */ = {isa = PBXFileReference; lastKnownFileType = sourcecode.swift; path = SceneDelegate.swift; sourceTree = "<group>"; };
		EEE654982B5C900F00585960 /* MainTabBarViewController.swift */ = {isa = PBXFileReference; lastKnownFileType = sourcecode.swift; path = MainTabBarViewController.swift; sourceTree = "<group>"; };
		EEE6549D2B5C901100585960 /* Assets.xcassets */ = {isa = PBXFileReference; lastKnownFileType = folder.assetcatalog; path = Assets.xcassets; sourceTree = "<group>"; };
		EEE654A02B5C901100585960 /* Base */ = {isa = PBXFileReference; lastKnownFileType = file.storyboard; name = Base; path = Base.lproj/LaunchScreen.storyboard; sourceTree = "<group>"; };
		EEE654A22B5C901100585960 /* Info.plist */ = {isa = PBXFileReference; lastKnownFileType = text.plist.xml; path = Info.plist; sourceTree = "<group>"; };
		EEE654AF2B5C936300585960 /* HomeViewController.swift */ = {isa = PBXFileReference; lastKnownFileType = sourcecode.swift; path = HomeViewController.swift; sourceTree = "<group>"; };
		EEE654B12B5C938000585960 /* SearchViewController.swift */ = {isa = PBXFileReference; lastKnownFileType = sourcecode.swift; path = SearchViewController.swift; sourceTree = "<group>"; };
		EEE654B32B5C93A600585960 /* WatchLaterViewController.swift */ = {isa = PBXFileReference; lastKnownFileType = sourcecode.swift; path = WatchLaterViewController.swift; sourceTree = "<group>"; };
		EEE654B52B5C9AC100585960 /* Podfile */ = {isa = PBXFileReference; fileEncoding = 4; lastKnownFileType = text; path = Podfile; sourceTree = SOURCE_ROOT; xcLanguageSpecificationIdentifier = xcode.lang.ruby; };
		EEE654B82B5C9B2F00585960 /* SearchResults.swift */ = {isa = PBXFileReference; fileEncoding = 4; lastKnownFileType = sourcecode.swift; path = SearchResults.swift; sourceTree = "<group>"; };
		EEE654B92B5C9B2F00585960 /* SearchMovie.swift */ = {isa = PBXFileReference; fileEncoding = 4; lastKnownFileType = sourcecode.swift; path = SearchMovie.swift; sourceTree = "<group>"; };
		EEE654BE2B5CB4FA00585960 /* MainPosterView.swift */ = {isa = PBXFileReference; lastKnownFileType = sourcecode.swift; path = MainPosterView.swift; sourceTree = "<group>"; };
		EEED98D82B5F1B6A00A6432C /* CollectionViewTableViewCell.swift */ = {isa = PBXFileReference; lastKnownFileType = sourcecode.swift; path = CollectionViewTableViewCell.swift; sourceTree = "<group>"; };
		EEF84E1C2B603EA3002D84DF /* PosterCollectionViewCell.swift */ = {isa = PBXFileReference; lastKnownFileType = sourcecode.swift; path = PosterCollectionViewCell.swift; sourceTree = "<group>"; };
		EEF84E3A2B606AE0002D84DF /* SegmentedControlView.swift */ = {isa = PBXFileReference; lastKnownFileType = sourcecode.swift; path = SegmentedControlView.swift; sourceTree = "<group>"; };
/* End PBXFileReference section */

/* Begin PBXFrameworksBuildPhase section */
		EEE6548E2B5C900F00585960 /* Frameworks */ = {
			isa = PBXFrameworksBuildPhase;
			buildActionMask = 2147483647;
			files = (
				679DA80A162F0EDE5A485945 /* Pods_TMDB_Final_Project.framework in Frameworks */,
			);
			runOnlyForDeploymentPostprocessing = 0;
		};
/* End PBXFrameworksBuildPhase section */

/* Begin PBXGroup section */
		D78B874EDA51DF1FF536115A /* Frameworks */ = {
			isa = PBXGroup;
			children = (
				9361F6B8FB1B82FCBED93018 /* Pods_TMDB_Final_Project.framework */,
			);
			name = Frameworks;
			sourceTree = "<group>";
		};
		EEE654882B5C900F00585960 = {
			isa = PBXGroup;
			children = (
				EEE654932B5C900F00585960 /* TMDB Final Project */,
				EEE654922B5C900F00585960 /* Products */,
				FB2C59ADB39401503893751C /* Pods */,
				D78B874EDA51DF1FF536115A /* Frameworks */,
			);
			sourceTree = "<group>";
		};
		EEE654922B5C900F00585960 /* Products */ = {
			isa = PBXGroup;
			children = (
				EEE654912B5C900F00585960 /* TMDB Final Project.app */,
			);
			name = Products;
			sourceTree = "<group>";
		};
		EEE654932B5C900F00585960 /* TMDB Final Project */ = {
			isa = PBXGroup;
			children = (
				EEE654B52B5C9AC100585960 /* Podfile */,
				EEE654A82B5C915200585960 /* Managers */,
				EEE654AA2B5C915F00585960 /* Resources */,
				EEE654AB2B5C916600585960 /* Models */,
				EEE654AC2B5C916B00585960 /* ViewModels */,
				EEE654AD2B5C917300585960 /* Views */,
				EEE654AE2B5C91B400585960 /* Controllers */,
				EEE654982B5C900F00585960 /* MainTabBarViewController.swift */,
				EEE654942B5C900F00585960 /* AppDelegate.swift */,
				EEE654962B5C900F00585960 /* SceneDelegate.swift */,
				EEE6549D2B5C901100585960 /* Assets.xcassets */,
				EEE6549F2B5C901100585960 /* LaunchScreen.storyboard */,
				EEE654A22B5C901100585960 /* Info.plist */,
			);
			path = "TMDB Final Project";
			sourceTree = "<group>";
		};
		EEE654A82B5C915200585960 /* Managers */ = {
			isa = PBXGroup;
			children = (
			);
			path = Managers;
			sourceTree = "<group>";
		};
		EEE654AA2B5C915F00585960 /* Resources */ = {
			isa = PBXGroup;
			children = (
			);
			path = Resources;
			sourceTree = "<group>";
		};
		EEE654AB2B5C916600585960 /* Models */ = {
			isa = PBXGroup;
			children = (
				EEE654B92B5C9B2F00585960 /* SearchMovie.swift */,
				EEE654B82B5C9B2F00585960 /* SearchResults.swift */,
				EEC634CC2B5DE3C400522086 /* ListSeries.swift */,
				EEC634CD2B5DE3C400522086 /* ListSeriesResults.swift */,
				EE989F2A2B5CC9B700A8FE19 /* ListMovies.swift */,
				EE989F292B5CC9B700A8FE19 /* ListMoviesResults.swift */,
			);
			path = Models;
			sourceTree = "<group>";
		};
		EEE654AC2B5C916B00585960 /* ViewModels */ = {
			isa = PBXGroup;
			children = (
			);
			path = ViewModels;
			sourceTree = "<group>";
		};
		EEE654AD2B5C917300585960 /* Views */ = {
			isa = PBXGroup;
			children = (
				EEF84E3A2B606AE0002D84DF /* SegmentedControlView.swift */,
				EEE654BE2B5CB4FA00585960 /* MainPosterView.swift */,
				EEED98D82B5F1B6A00A6432C /* CollectionViewTableViewCell.swift */,
				EEF84E1C2B603EA3002D84DF /* PosterCollectionViewCell.swift */,
			);
			path = Views;
			sourceTree = "<group>";
		};
		EEE654AE2B5C91B400585960 /* Controllers */ = {
			isa = PBXGroup;
			children = (
				EEE654AF2B5C936300585960 /* HomeViewController.swift */,
				EEE654B12B5C938000585960 /* SearchViewController.swift */,
				EEE654B32B5C93A600585960 /* WatchLaterViewController.swift */,
			);
			path = Controllers;
			sourceTree = "<group>";
		};
		FB2C59ADB39401503893751C /* Pods */ = {
			isa = PBXGroup;
			children = (
				A7E1AE1B5F5D5619446059DB /* Pods-TMDB Final Project.debug.xcconfig */,
				4036C07D4A36AF53873A81F3 /* Pods-TMDB Final Project.release.xcconfig */,
			);
			path = Pods;
			sourceTree = "<group>";
		};
/* End PBXGroup section */

/* Begin PBXNativeTarget section */
		EEE654902B5C900F00585960 /* TMDB Final Project */ = {
			isa = PBXNativeTarget;
			buildConfigurationList = EEE654A52B5C901100585960 /* Build configuration list for PBXNativeTarget "TMDB Final Project" */;
			buildPhases = (
				FDB257706044EE1E1A9745C6 /* [CP] Check Pods Manifest.lock */,
				EEE6548D2B5C900F00585960 /* Sources */,
				EEE6548E2B5C900F00585960 /* Frameworks */,
				EEE6548F2B5C900F00585960 /* Resources */,
				59A4AC27FE655755EE452C89 /* [CP] Embed Pods Frameworks */,
			);
			buildRules = (
			);
			dependencies = (
			);
			name = "TMDB Final Project";
			productName = "TMDB Final Project";
			productReference = EEE654912B5C900F00585960 /* TMDB Final Project.app */;
			productType = "com.apple.product-type.application";
		};
/* End PBXNativeTarget section */

/* Begin PBXProject section */
		EEE654892B5C900F00585960 /* Project object */ = {
			isa = PBXProject;
			attributes = {
				BuildIndependentTargetsInParallel = 1;
				LastSwiftUpdateCheck = 1520;
				LastUpgradeCheck = 1520;
				TargetAttributes = {
					EEE654902B5C900F00585960 = {
						CreatedOnToolsVersion = 15.2;
					};
				};
			};
			buildConfigurationList = EEE6548C2B5C900F00585960 /* Build configuration list for PBXProject "TMDB Final Project" */;
			compatibilityVersion = "Xcode 14.0";
			developmentRegion = en;
			hasScannedForEncodings = 0;
			knownRegions = (
				en,
				Base,
			);
			mainGroup = EEE654882B5C900F00585960;
			productRefGroup = EEE654922B5C900F00585960 /* Products */;
			projectDirPath = "";
			projectRoot = "";
			targets = (
				EEE654902B5C900F00585960 /* TMDB Final Project */,
			);
		};
/* End PBXProject section */

/* Begin PBXResourcesBuildPhase section */
		EEE6548F2B5C900F00585960 /* Resources */ = {
			isa = PBXResourcesBuildPhase;
			buildActionMask = 2147483647;
			files = (
				EEE654B62B5C9AC100585960 /* Podfile in Resources */,
				EEE654A12B5C901100585960 /* LaunchScreen.storyboard in Resources */,
				EEE6549E2B5C901100585960 /* Assets.xcassets in Resources */,
			);
			runOnlyForDeploymentPostprocessing = 0;
		};
/* End PBXResourcesBuildPhase section */

/* Begin PBXShellScriptBuildPhase section */
		59A4AC27FE655755EE452C89 /* [CP] Embed Pods Frameworks */ = {
			isa = PBXShellScriptBuildPhase;
			buildActionMask = 2147483647;
			files = (
			);
			inputFileListPaths = (
				"${PODS_ROOT}/Target Support Files/Pods-TMDB Final Project/Pods-TMDB Final Project-frameworks-${CONFIGURATION}-input-files.xcfilelist",
			);
			name = "[CP] Embed Pods Frameworks";
			outputFileListPaths = (
				"${PODS_ROOT}/Target Support Files/Pods-TMDB Final Project/Pods-TMDB Final Project-frameworks-${CONFIGURATION}-output-files.xcfilelist",
			);
			runOnlyForDeploymentPostprocessing = 0;
			shellPath = /bin/sh;
			shellScript = "\"${PODS_ROOT}/Target Support Files/Pods-TMDB Final Project/Pods-TMDB Final Project-frameworks.sh\"\n";
			showEnvVarsInLog = 0;
		};
		FDB257706044EE1E1A9745C6 /* [CP] Check Pods Manifest.lock */ = {
			isa = PBXShellScriptBuildPhase;
			buildActionMask = 2147483647;
			files = (
			);
			inputFileListPaths = (
			);
			inputPaths = (
				"${PODS_PODFILE_DIR_PATH}/Podfile.lock",
				"${PODS_ROOT}/Manifest.lock",
			);
			name = "[CP] Check Pods Manifest.lock";
			outputFileListPaths = (
			);
			outputPaths = (
				"$(DERIVED_FILE_DIR)/Pods-TMDB Final Project-checkManifestLockResult.txt",
			);
			runOnlyForDeploymentPostprocessing = 0;
			shellPath = /bin/sh;
			shellScript = "diff \"${PODS_PODFILE_DIR_PATH}/Podfile.lock\" \"${PODS_ROOT}/Manifest.lock\" > /dev/null\nif [ $? != 0 ] ; then\n    # print error to STDERR\n    echo \"error: The sandbox is not in sync with the Podfile.lock. Run 'pod install' or update your CocoaPods installation.\" >&2\n    exit 1\nfi\n# This output is used by Xcode 'outputs' to avoid re-running this script phase.\necho \"SUCCESS\" > \"${SCRIPT_OUTPUT_FILE_0}\"\n";
			showEnvVarsInLog = 0;
		};
/* End PBXShellScriptBuildPhase section */

/* Begin PBXSourcesBuildPhase section */
		EEE6548D2B5C900F00585960 /* Sources */ = {
			isa = PBXSourcesBuildPhase;
			buildActionMask = 2147483647;
			files = (
				EEE654BF2B5CB4FA00585960 /* MainPosterView.swift in Sources */,
				EEC634CF2B5DE3C400522086 /* ListSeriesResults.swift in Sources */,
				EEE654B22B5C938000585960 /* SearchViewController.swift in Sources */,
				EE989F2B2B5CC9B700A8FE19 /* ListMoviesResults.swift in Sources */,
				EEE654992B5C900F00585960 /* MainTabBarViewController.swift in Sources */,
				EEE654BB2B5C9B2F00585960 /* SearchMovie.swift in Sources */,
				EE989F2C2B5CC9B700A8FE19 /* ListMovies.swift in Sources */,
				EEE654952B5C900F00585960 /* AppDelegate.swift in Sources */,
				EEED98D92B5F1B6A00A6432C /* CollectionViewTableViewCell.swift in Sources */,
				EEF84E1D2B603EA3002D84DF /* PosterCollectionViewCell.swift in Sources */,
				EEE654972B5C900F00585960 /* SceneDelegate.swift in Sources */,
				EEE654BA2B5C9B2F00585960 /* SearchResults.swift in Sources */,
				EEE654B02B5C936300585960 /* HomeViewController.swift in Sources */,
				EEF84E3B2B606AE0002D84DF /* SegmentedControlView.swift in Sources */,
				EEC634CE2B5DE3C400522086 /* ListSeries.swift in Sources */,
				EEE654B42B5C93A600585960 /* WatchLaterViewController.swift in Sources */,
			);
			runOnlyForDeploymentPostprocessing = 0;
		};
/* End PBXSourcesBuildPhase section */

/* Begin PBXVariantGroup section */
		EEE6549F2B5C901100585960 /* LaunchScreen.storyboard */ = {
			isa = PBXVariantGroup;
			children = (
				EEE654A02B5C901100585960 /* Base */,
			);
			name = LaunchScreen.storyboard;
			sourceTree = "<group>";
		};
/* End PBXVariantGroup section */

/* Begin XCBuildConfiguration section */
		EEE654A32B5C901100585960 /* Debug */ = {
			isa = XCBuildConfiguration;
			buildSettings = {
				ALWAYS_SEARCH_USER_PATHS = NO;
				ASSETCATALOG_COMPILER_GENERATE_SWIFT_ASSET_SYMBOL_EXTENSIONS = YES;
				CLANG_ANALYZER_NONNULL = YES;
				CLANG_ANALYZER_NUMBER_OBJECT_CONVERSION = YES_AGGRESSIVE;
				CLANG_CXX_LANGUAGE_STANDARD = "gnu++20";
				CLANG_ENABLE_MODULES = YES;
				CLANG_ENABLE_OBJC_ARC = YES;
				CLANG_ENABLE_OBJC_WEAK = YES;
				CLANG_WARN_BLOCK_CAPTURE_AUTORELEASING = YES;
				CLANG_WARN_BOOL_CONVERSION = YES;
				CLANG_WARN_COMMA = YES;
				CLANG_WARN_CONSTANT_CONVERSION = YES;
				CLANG_WARN_DEPRECATED_OBJC_IMPLEMENTATIONS = YES;
				CLANG_WARN_DIRECT_OBJC_ISA_USAGE = YES_ERROR;
				CLANG_WARN_DOCUMENTATION_COMMENTS = YES;
				CLANG_WARN_EMPTY_BODY = YES;
				CLANG_WARN_ENUM_CONVERSION = YES;
				CLANG_WARN_INFINITE_RECURSION = YES;
				CLANG_WARN_INT_CONVERSION = YES;
				CLANG_WARN_NON_LITERAL_NULL_CONVERSION = YES;
				CLANG_WARN_OBJC_IMPLICIT_RETAIN_SELF = YES;
				CLANG_WARN_OBJC_LITERAL_CONVERSION = YES;
				CLANG_WARN_OBJC_ROOT_CLASS = YES_ERROR;
				CLANG_WARN_QUOTED_INCLUDE_IN_FRAMEWORK_HEADER = YES;
				CLANG_WARN_RANGE_LOOP_ANALYSIS = YES;
				CLANG_WARN_STRICT_PROTOTYPES = YES;
				CLANG_WARN_SUSPICIOUS_MOVE = YES;
				CLANG_WARN_UNGUARDED_AVAILABILITY = YES_AGGRESSIVE;
				CLANG_WARN_UNREACHABLE_CODE = YES;
				CLANG_WARN__DUPLICATE_METHOD_MATCH = YES;
				COPY_PHASE_STRIP = NO;
				DEBUG_INFORMATION_FORMAT = dwarf;
				ENABLE_STRICT_OBJC_MSGSEND = YES;
				ENABLE_TESTABILITY = YES;
				ENABLE_USER_SCRIPT_SANDBOXING = YES;
				GCC_C_LANGUAGE_STANDARD = gnu17;
				GCC_DYNAMIC_NO_PIC = NO;
				GCC_NO_COMMON_BLOCKS = YES;
				GCC_OPTIMIZATION_LEVEL = 0;
				GCC_PREPROCESSOR_DEFINITIONS = (
					"DEBUG=1",
					"$(inherited)",
				);
				GCC_WARN_64_TO_32_BIT_CONVERSION = YES;
				GCC_WARN_ABOUT_RETURN_TYPE = YES_ERROR;
				GCC_WARN_UNDECLARED_SELECTOR = YES;
				GCC_WARN_UNINITIALIZED_AUTOS = YES_AGGRESSIVE;
				GCC_WARN_UNUSED_FUNCTION = YES;
				GCC_WARN_UNUSED_VARIABLE = YES;
				IPHONEOS_DEPLOYMENT_TARGET = 17.2;
				LOCALIZATION_PREFERS_STRING_CATALOGS = YES;
				MTL_ENABLE_DEBUG_INFO = INCLUDE_SOURCE;
				MTL_FAST_MATH = YES;
				ONLY_ACTIVE_ARCH = YES;
				SDKROOT = iphoneos;
				SWIFT_ACTIVE_COMPILATION_CONDITIONS = "DEBUG $(inherited)";
				SWIFT_OPTIMIZATION_LEVEL = "-Onone";
			};
			name = Debug;
		};
		EEE654A42B5C901100585960 /* Release */ = {
			isa = XCBuildConfiguration;
			buildSettings = {
				ALWAYS_SEARCH_USER_PATHS = NO;
				ASSETCATALOG_COMPILER_GENERATE_SWIFT_ASSET_SYMBOL_EXTENSIONS = YES;
				CLANG_ANALYZER_NONNULL = YES;
				CLANG_ANALYZER_NUMBER_OBJECT_CONVERSION = YES_AGGRESSIVE;
				CLANG_CXX_LANGUAGE_STANDARD = "gnu++20";
				CLANG_ENABLE_MODULES = YES;
				CLANG_ENABLE_OBJC_ARC = YES;
				CLANG_ENABLE_OBJC_WEAK = YES;
				CLANG_WARN_BLOCK_CAPTURE_AUTORELEASING = YES;
				CLANG_WARN_BOOL_CONVERSION = YES;
				CLANG_WARN_COMMA = YES;
				CLANG_WARN_CONSTANT_CONVERSION = YES;
				CLANG_WARN_DEPRECATED_OBJC_IMPLEMENTATIONS = YES;
				CLANG_WARN_DIRECT_OBJC_ISA_USAGE = YES_ERROR;
				CLANG_WARN_DOCUMENTATION_COMMENTS = YES;
				CLANG_WARN_EMPTY_BODY = YES;
				CLANG_WARN_ENUM_CONVERSION = YES;
				CLANG_WARN_INFINITE_RECURSION = YES;
				CLANG_WARN_INT_CONVERSION = YES;
				CLANG_WARN_NON_LITERAL_NULL_CONVERSION = YES;
				CLANG_WARN_OBJC_IMPLICIT_RETAIN_SELF = YES;
				CLANG_WARN_OBJC_LITERAL_CONVERSION = YES;
				CLANG_WARN_OBJC_ROOT_CLASS = YES_ERROR;
				CLANG_WARN_QUOTED_INCLUDE_IN_FRAMEWORK_HEADER = YES;
				CLANG_WARN_RANGE_LOOP_ANALYSIS = YES;
				CLANG_WARN_STRICT_PROTOTYPES = YES;
				CLANG_WARN_SUSPICIOUS_MOVE = YES;
				CLANG_WARN_UNGUARDED_AVAILABILITY = YES_AGGRESSIVE;
				CLANG_WARN_UNREACHABLE_CODE = YES;
				CLANG_WARN__DUPLICATE_METHOD_MATCH = YES;
				COPY_PHASE_STRIP = NO;
				DEBUG_INFORMATION_FORMAT = "dwarf-with-dsym";
				ENABLE_NS_ASSERTIONS = NO;
				ENABLE_STRICT_OBJC_MSGSEND = YES;
				ENABLE_USER_SCRIPT_SANDBOXING = YES;
				GCC_C_LANGUAGE_STANDARD = gnu17;
				GCC_NO_COMMON_BLOCKS = YES;
				GCC_WARN_64_TO_32_BIT_CONVERSION = YES;
				GCC_WARN_ABOUT_RETURN_TYPE = YES_ERROR;
				GCC_WARN_UNDECLARED_SELECTOR = YES;
				GCC_WARN_UNINITIALIZED_AUTOS = YES_AGGRESSIVE;
				GCC_WARN_UNUSED_FUNCTION = YES;
				GCC_WARN_UNUSED_VARIABLE = YES;
				IPHONEOS_DEPLOYMENT_TARGET = 17.2;
				LOCALIZATION_PREFERS_STRING_CATALOGS = YES;
				MTL_ENABLE_DEBUG_INFO = NO;
				MTL_FAST_MATH = YES;
				SDKROOT = iphoneos;
				SWIFT_COMPILATION_MODE = wholemodule;
				VALIDATE_PRODUCT = YES;
			};
			name = Release;
		};
		EEE654A62B5C901100585960 /* Debug */ = {
			isa = XCBuildConfiguration;
			baseConfigurationReference = A7E1AE1B5F5D5619446059DB /* Pods-TMDB Final Project.debug.xcconfig */;
			buildSettings = {
				ASSETCATALOG_COMPILER_APPICON_NAME = AppIcon;
				ASSETCATALOG_COMPILER_GLOBAL_ACCENT_COLOR_NAME = AccentColor;
				CODE_SIGN_STYLE = Automatic;
				CURRENT_PROJECT_VERSION = 1;
				DEVELOPMENT_TEAM = U7YKX52C9U;
				ENABLE_USER_SCRIPT_SANDBOXING = NO;
				GENERATE_INFOPLIST_FILE = YES;
				INFOPLIST_FILE = "TMDB Final Project/Info.plist";
				INFOPLIST_KEY_UIApplicationSupportsIndirectInputEvents = YES;
				INFOPLIST_KEY_UILaunchStoryboardName = LaunchScreen;
				INFOPLIST_KEY_UISupportedInterfaceOrientations_iPad = "UIInterfaceOrientationPortrait UIInterfaceOrientationPortraitUpsideDown UIInterfaceOrientationLandscapeLeft UIInterfaceOrientationLandscapeRight";
				INFOPLIST_KEY_UISupportedInterfaceOrientations_iPhone = "UIInterfaceOrientationPortrait UIInterfaceOrientationLandscapeLeft UIInterfaceOrientationLandscapeRight";
				LD_RUNPATH_SEARCH_PATHS = (
					"$(inherited)",
					"@executable_path/Frameworks",
				);
				MARKETING_VERSION = 1.0;
				PRODUCT_BUNDLE_IDENTIFIER = "danylo.TMDB-Final-Project";
				PRODUCT_NAME = "$(TARGET_NAME)";
				SWIFT_EMIT_LOC_STRINGS = YES;
				SWIFT_VERSION = 5.0;
				TARGETED_DEVICE_FAMILY = "1,2";
			};
			name = Debug;
		};
		EEE654A72B5C901100585960 /* Release */ = {
			isa = XCBuildConfiguration;
			baseConfigurationReference = 4036C07D4A36AF53873A81F3 /* Pods-TMDB Final Project.release.xcconfig */;
			buildSettings = {
				ASSETCATALOG_COMPILER_APPICON_NAME = AppIcon;
				ASSETCATALOG_COMPILER_GLOBAL_ACCENT_COLOR_NAME = AccentColor;
				CODE_SIGN_STYLE = Automatic;
				CURRENT_PROJECT_VERSION = 1;
				DEVELOPMENT_TEAM = U7YKX52C9U;
				ENABLE_USER_SCRIPT_SANDBOXING = NO;
				GENERATE_INFOPLIST_FILE = YES;
				INFOPLIST_FILE = "TMDB Final Project/Info.plist";
				INFOPLIST_KEY_UIApplicationSupportsIndirectInputEvents = YES;
				INFOPLIST_KEY_UILaunchStoryboardName = LaunchScreen;
				INFOPLIST_KEY_UISupportedInterfaceOrientations_iPad = "UIInterfaceOrientationPortrait UIInterfaceOrientationPortraitUpsideDown UIInterfaceOrientationLandscapeLeft UIInterfaceOrientationLandscapeRight";
				INFOPLIST_KEY_UISupportedInterfaceOrientations_iPhone = "UIInterfaceOrientationPortrait UIInterfaceOrientationLandscapeLeft UIInterfaceOrientationLandscapeRight";
				LD_RUNPATH_SEARCH_PATHS = (
					"$(inherited)",
					"@executable_path/Frameworks",
				);
				MARKETING_VERSION = 1.0;
				PRODUCT_BUNDLE_IDENTIFIER = "danylo.TMDB-Final-Project";
				PRODUCT_NAME = "$(TARGET_NAME)";
				SWIFT_EMIT_LOC_STRINGS = YES;
				SWIFT_VERSION = 5.0;
				TARGETED_DEVICE_FAMILY = "1,2";
			};
			name = Release;
		};
/* End XCBuildConfiguration section */

/* Begin XCConfigurationList section */
		EEE6548C2B5C900F00585960 /* Build configuration list for PBXProject "TMDB Final Project" */ = {
			isa = XCConfigurationList;
			buildConfigurations = (
				EEE654A32B5C901100585960 /* Debug */,
				EEE654A42B5C901100585960 /* Release */,
			);
			defaultConfigurationIsVisible = 0;
			defaultConfigurationName = Release;
		};
		EEE654A52B5C901100585960 /* Build configuration list for PBXNativeTarget "TMDB Final Project" */ = {
			isa = XCConfigurationList;
			buildConfigurations = (
				EEE654A62B5C901100585960 /* Debug */,
				EEE654A72B5C901100585960 /* Release */,
			);
			defaultConfigurationIsVisible = 0;
			defaultConfigurationName = Release;
		};
/* End XCConfigurationList section */
	};
	rootObject = EEE654892B5C900F00585960 /* Project object */;
}
